{
  "version": 4,
  "terraform_version": "1.5.7",
  "serial": 175,
  "lineage": "9092289d-5160-5f1a-508a-4d40b1374f25",
  "outputs": {},
  "resources": [
    {
      "mode": "managed",
      "type": "local_file",
      "name": "hosts_cfg",
      "provider": "provider[\"registry.terraform.io/hashicorp/local\"]",
      "instances": [
        {
          "schema_version": 0,
          "attributes": {
            "content": "\n[webservers]\n\nclickhouse ansible_host=158.160.104.65\n\nvector ansible_host=158.160.114.122\n\nlighthouse ansible_host=158.160.101.213\n\n[webservers:vars]\nansible_python=/usr/bin/python3\n",
            "content_base64": null,
            "content_base64sha256": "ntWEfle2+Fy+sgLKjxqE0PmH/A7/nX55qXxIJb4WM4E=",
            "content_base64sha512": "DKQfSlKj/UWp0AuiAssesLVucbxFBBSiAXJiJpR0KEi6orHg5WRKIK6xy9IYDIkCMKFXRiFHqV5yfSb5Jw7lMw==",
            "content_md5": "6cef4c272fea2f6c1f7a3346d15626f3",
            "content_sha1": "cb7131088f5813ad5a95e100a7e16cfc38691cf8",
            "content_sha256": "9ed5847e57b6f85cbeb202ca8f1a84d0f987fc0eff9d7e79a97c4825be163381",
            "content_sha512": "0ca41f4a52a3fd45a9d00ba202cb1eb0b56e71bc450414a20172622694742848baa2b1e0e5644a20aeb1cbd2180c890230a157462147a95e727d26f9270ee533",
            "directory_permission": "0777",
            "file_permission": "0777",
            "filename": "./inventory/hosts.cfg",
            "id": "cb7131088f5813ad5a95e100a7e16cfc38691cf8",
            "sensitive_content": null,
            "source": null
          },
          "sensitive_attributes": [],
          "dependencies": [
            "yandex_compute_instance.vm",
            "yandex_vpc_network.develop",
            "yandex_vpc_subnet.develop"
          ]
        }
      ]
    },
    {
      "mode": "managed",
      "type": "yandex_compute_instance",
      "name": "vm",
      "provider": "provider[\"registry.terraform.io/yandex-cloud/yandex\"]",
      "instances": [
        {
          "index_key": "0",
          "schema_version": 1,
          "attributes": {
            "allow_recreate": null,
            "allow_stopping_for_update": null,
            "boot_disk": [
              {
                "auto_delete": true,
                "device_name": "fhm7cq93f2cb6dokdb4b",
                "disk_id": "fhm7cq93f2cb6dokdb4b",
                "initialize_params": [
                  {
                    "block_size": 4096,
                    "description": "",
                    "image_id": "fd8gvgtf1t3sbtt4opo6",
                    "name": "",
                    "size": 10,
                    "snapshot_id": "",
                    "type": "network-hdd"
                  }
                ],
                "mode": "READ_WRITE"
              }
            ],
            "created_at": "2024-01-20T08:31:44Z",
            "description": "",
            "filesystem": [],
            "folder_id": "b1gadttfn3t0cohh2hk2",
            "fqdn": "fhm3g643no05j84v26tv.auto.internal",
            "gpu_cluster_id": "",
            "hostname": "",
            "id": "fhm3g643no05j84v26tv",
            "labels": null,
            "local_disk": [],
            "maintenance_grace_period": "",
            "maintenance_policy": null,
            "metadata": {
              "user-data": "#cloud-config\nusers:\n  - name: leo\n    groups: sudo\n    shell: /bin/bash\n    sudo: ['ALL=(ALL) NOPASSWD:ALL']\n    ssh-authorized-keys:\n      - ssh-rsa AAAAB3NzaC1yc2EAAAADAQABAAABAQCgT8Ny1LD7hTjTan3NOKzgpZ9FEJC7+G7Zfm+bs+9bXZhQ/B6gwjJh0VI6RsVo2wZKsosIc2DZogA+NlWbefQfiC5RKtt/iZMEofBHkhCgxUEHdUEqUkaC7AFfkr4ozrYPKlQOCBbc6S4xJewUmNliXJLrHuv6RZ5TKoIgiKRwaOVT7JqUAnLWyw43+FSpzHUfefLVzaIOVIQV4SEEyl3d/2Cl5gJ/R7sulPomaRwejPi8LG+VZaoF9Wh2JlpCEU7Vm1WKhZ2jd//LlGKoVnqMWlNtSdXVw5B6XZEpCIQfES9DNrlWDyEACFSeSkus30f1Qpe1ZqyIqSnqVgpcANVz root@localhost.localdomain\n\n"
            },
            "metadata_options": [
              {
                "aws_v1_http_endpoint": 1,
                "aws_v1_http_token": 2,
                "gce_http_endpoint": 1,
                "gce_http_token": 1
              }
            ],
            "name": "clickhouse",
            "network_acceleration_type": "standard",
            "network_interface": [
              {
                "dns_record": [],
                "index": 0,
                "ip_address": "10.0.1.13",
                "ipv4": true,
                "ipv6": false,
                "ipv6_address": "",
                "ipv6_dns_record": [],
                "mac_address": "d0:0d:38:18:83:be",
                "nat": true,
                "nat_dns_record": [],
                "nat_ip_address": "158.160.104.65",
                "nat_ip_version": "IPV4",
                "security_group_ids": [],
                "subnet_id": "e9bpdgjjre4mr0nqes37"
              }
            ],
            "placement_policy": [
              {
                "host_affinity_rules": [],
                "placement_group_id": ""
              }
            ],
            "platform_id": "standard-v3",
            "resources": [
              {
                "core_fraction": 20,
                "cores": 2,
                "gpus": 0,
                "memory": 4
              }
            ],
            "scheduling_policy": [
              {
                "preemptible": true
              }
            ],
            "secondary_disk": [],
            "service_account_id": "",
            "status": "running",
            "timeouts": null,
            "zone": "ru-central1-a"
          },
          "sensitive_attributes": [],
          "private": "eyJlMmJmYjczMC1lY2FhLTExZTYtOGY4OC0zNDM2M2JjN2M0YzAiOnsiY3JlYXRlIjozMDAwMDAwMDAwMDAsImRlbGV0ZSI6MzAwMDAwMDAwMDAwLCJ1cGRhdGUiOjMwMDAwMDAwMDAwMH0sInNjaGVtYV92ZXJzaW9uIjoiMSJ9",
          "dependencies": [
            "yandex_vpc_network.develop",
            "yandex_vpc_subnet.develop"
          ]
        },
        {
          "index_key": "1",
          "schema_version": 1,
          "attributes": {
            "allow_recreate": null,
            "allow_stopping_for_update": null,
            "boot_disk": [
              {
                "auto_delete": true,
                "device_name": "fhm394v2tl4u6qufpfja",
                "disk_id": "fhm394v2tl4u6qufpfja",
                "initialize_params": [
                  {
                    "block_size": 4096,
                    "description": "",
                    "image_id": "fd8gvgtf1t3sbtt4opo6",
                    "name": "",
                    "size": 10,
                    "snapshot_id": "",
                    "type": "network-hdd"
                  }
                ],
                "mode": "READ_WRITE"
              }
            ],
            "created_at": "2024-01-20T08:31:45Z",
            "description": "",
            "filesystem": [],
            "folder_id": "b1gadttfn3t0cohh2hk2",
            "fqdn": "fhmsa84jk4sju09eqjk2.auto.internal",
            "gpu_cluster_id": "",
            "hostname": "",
            "id": "fhmsa84jk4sju09eqjk2",
            "labels": null,
            "local_disk": [],
            "maintenance_grace_period": "",
            "maintenance_policy": null,
            "metadata": {
              "user-data": "#cloud-config\nusers:\n  - name: leo\n    groups: sudo\n    shell: /bin/bash\n    sudo: ['ALL=(ALL) NOPASSWD:ALL']\n    ssh-authorized-keys:\n      - ssh-rsa AAAAB3NzaC1yc2EAAAADAQABAAABAQCgT8Ny1LD7hTjTan3NOKzgpZ9FEJC7+G7Zfm+bs+9bXZhQ/B6gwjJh0VI6RsVo2wZKsosIc2DZogA+NlWbefQfiC5RKtt/iZMEofBHkhCgxUEHdUEqUkaC7AFfkr4ozrYPKlQOCBbc6S4xJewUmNliXJLrHuv6RZ5TKoIgiKRwaOVT7JqUAnLWyw43+FSpzHUfefLVzaIOVIQV4SEEyl3d/2Cl5gJ/R7sulPomaRwejPi8LG+VZaoF9Wh2JlpCEU7Vm1WKhZ2jd//LlGKoVnqMWlNtSdXVw5B6XZEpCIQfES9DNrlWDyEACFSeSkus30f1Qpe1ZqyIqSnqVgpcANVz root@localhost.localdomain\n\n"
            },
            "metadata_options": [
              {
                "aws_v1_http_endpoint": 1,
                "aws_v1_http_token": 2,
                "gce_http_endpoint": 1,
                "gce_http_token": 1
              }
            ],
            "name": "vector",
            "network_acceleration_type": "standard",
            "network_interface": [
              {
                "dns_record": [],
                "index": 0,
                "ip_address": "10.0.1.5",
                "ipv4": true,
                "ipv6": false,
                "ipv6_address": "",
                "ipv6_dns_record": [],
                "mac_address": "d0:0d:1c:52:09:3a",
                "nat": true,
                "nat_dns_record": [],
                "nat_ip_address": "158.160.114.122",
                "nat_ip_version": "IPV4",
                "security_group_ids": [],
                "subnet_id": "e9bpdgjjre4mr0nqes37"
              }
            ],
            "placement_policy": [
              {
                "host_affinity_rules": [],
                "placement_group_id": ""
              }
            ],
            "platform_id": "standard-v3",
            "resources": [
              {
                "core_fraction": 20,
                "cores": 2,
                "gpus": 0,
                "memory": 4
              }
            ],
            "scheduling_policy": [
              {
                "preemptible": true
              }
            ],
            "secondary_disk": [],
            "service_account_id": "",
            "status": "running",
            "timeouts": null,
            "zone": "ru-central1-a"
          },
          "sensitive_attributes": [],
          "private": "eyJlMmJmYjczMC1lY2FhLTExZTYtOGY4OC0zNDM2M2JjN2M0YzAiOnsiY3JlYXRlIjozMDAwMDAwMDAwMDAsImRlbGV0ZSI6MzAwMDAwMDAwMDAwLCJ1cGRhdGUiOjMwMDAwMDAwMDAwMH0sInNjaGVtYV92ZXJzaW9uIjoiMSJ9",
          "dependencies": [
            "yandex_vpc_network.develop",
            "yandex_vpc_subnet.develop"
          ]
        },
        {
          "index_key": "2",
          "schema_version": 1,
          "attributes": {
            "allow_recreate": null,
            "allow_stopping_for_update": null,
            "boot_disk": [
              {
                "auto_delete": true,
                "device_name": "fhmhs6mm0rpbtrmo4rhg",
                "disk_id": "fhmhs6mm0rpbtrmo4rhg",
                "initialize_params": [
                  {
                    "block_size": 4096,
                    "description": "",
                    "image_id": "fd8gvgtf1t3sbtt4opo6",
                    "name": "",
                    "size": 10,
                    "snapshot_id": "",
                    "type": "network-hdd"
                  }
                ],
                "mode": "READ_WRITE"
              }
            ],
            "created_at": "2024-01-20T08:31:44Z",
            "description": "",
            "filesystem": [],
            "folder_id": "b1gadttfn3t0cohh2hk2",
            "fqdn": "fhmi124dcfj5vc9bdfei.auto.internal",
            "gpu_cluster_id": "",
            "hostname": "",
            "id": "fhmi124dcfj5vc9bdfei",
            "labels": null,
            "local_disk": [],
            "maintenance_grace_period": "",
            "maintenance_policy": null,
            "metadata": {
              "user-data": "#cloud-config\nusers:\n  - name: leo\n    groups: sudo\n    shell: /bin/bash\n    sudo: ['ALL=(ALL) NOPASSWD:ALL']\n    ssh-authorized-keys:\n      - ssh-rsa AAAAB3NzaC1yc2EAAAADAQABAAABAQCgT8Ny1LD7hTjTan3NOKzgpZ9FEJC7+G7Zfm+bs+9bXZhQ/B6gwjJh0VI6RsVo2wZKsosIc2DZogA+NlWbefQfiC5RKtt/iZMEofBHkhCgxUEHdUEqUkaC7AFfkr4ozrYPKlQOCBbc6S4xJewUmNliXJLrHuv6RZ5TKoIgiKRwaOVT7JqUAnLWyw43+FSpzHUfefLVzaIOVIQV4SEEyl3d/2Cl5gJ/R7sulPomaRwejPi8LG+VZaoF9Wh2JlpCEU7Vm1WKhZ2jd//LlGKoVnqMWlNtSdXVw5B6XZEpCIQfES9DNrlWDyEACFSeSkus30f1Qpe1ZqyIqSnqVgpcANVz root@localhost.localdomain\n\n"
            },
            "metadata_options": [
              {
                "aws_v1_http_endpoint": 1,
                "aws_v1_http_token": 2,
                "gce_http_endpoint": 1,
                "gce_http_token": 1
              }
            ],
            "name": "lighthouse",
            "network_acceleration_type": "standard",
            "network_interface": [
              {
                "dns_record": [],
                "index": 0,
                "ip_address": "10.0.1.20",
                "ipv4": true,
                "ipv6": false,
                "ipv6_address": "",
                "ipv6_dns_record": [],
                "mac_address": "d0:0d:12:08:88:d6",
                "nat": true,
                "nat_dns_record": [],
                "nat_ip_address": "158.160.101.213",
                "nat_ip_version": "IPV4",
                "security_group_ids": [],
                "subnet_id": "e9bpdgjjre4mr0nqes37"
              }
            ],
            "placement_policy": [
              {
                "host_affinity_rules": [],
                "placement_group_id": ""
              }
            ],
            "platform_id": "standard-v3",
            "resources": [
              {
                "core_fraction": 20,
                "cores": 2,
                "gpus": 0,
                "memory": 4
              }
            ],
            "scheduling_policy": [
              {
                "preemptible": true
              }
            ],
            "secondary_disk": [],
            "service_account_id": "",
            "status": "running",
            "timeouts": null,
            "zone": "ru-central1-a"
          },
          "sensitive_attributes": [],
          "private": "eyJlMmJmYjczMC1lY2FhLTExZTYtOGY4OC0zNDM2M2JjN2M0YzAiOnsiY3JlYXRlIjozMDAwMDAwMDAwMDAsImRlbGV0ZSI6MzAwMDAwMDAwMDAwLCJ1cGRhdGUiOjMwMDAwMDAwMDAwMH0sInNjaGVtYV92ZXJzaW9uIjoiMSJ9",
          "dependencies": [
            "yandex_vpc_network.develop",
            "yandex_vpc_subnet.develop"
          ]
        }
      ]
    },
    {
      "mode": "managed",
      "type": "yandex_vpc_network",
      "name": "develop",
      "provider": "provider[\"registry.terraform.io/yandex-cloud/yandex\"]",
      "instances": [
        {
          "schema_version": 0,
          "attributes": {
            "created_at": "2024-01-20T08:31:41Z",
            "default_security_group_id": "enpkfh1voggppqqe6sj2",
            "description": "",
            "folder_id": "b1gadttfn3t0cohh2hk2",
            "id": "enpcn7t5s0gavo2tuisu",
            "labels": {},
            "name": "develop",
            "subnet_ids": [],
            "timeouts": null
          },
          "sensitive_attributes": [],
          "private": "eyJlMmJmYjczMC1lY2FhLTExZTYtOGY4OC0zNDM2M2JjN2M0YzAiOnsiY3JlYXRlIjo2MDAwMDAwMDAwMCwiZGVsZXRlIjo2MDAwMDAwMDAwMCwidXBkYXRlIjo2MDAwMDAwMDAwMH19"
        }
      ]
    },
    {
      "mode": "managed",
      "type": "yandex_vpc_subnet",
      "name": "develop",
      "provider": "provider[\"registry.terraform.io/yandex-cloud/yandex\"]",
      "instances": [
        {
          "schema_version": 0,
          "attributes": {
            "created_at": "2024-01-20T08:31:43Z",
            "description": "",
            "dhcp_options": [],
            "folder_id": "b1gadttfn3t0cohh2hk2",
            "id": "e9bpdgjjre4mr0nqes37",
            "labels": {},
            "name": "develop",
            "network_id": "enpcn7t5s0gavo2tuisu",
            "route_table_id": "",
            "timeouts": null,
            "v4_cidr_blocks": [
              "10.0.1.0/24"
            ],
            "v6_cidr_blocks": [],
            "zone": "ru-central1-a"
          },
          "sensitive_attributes": [],
          "private": "eyJlMmJmYjczMC1lY2FhLTExZTYtOGY4OC0zNDM2M2JjN2M0YzAiOnsiY3JlYXRlIjoxODAwMDAwMDAwMDAsImRlbGV0ZSI6MTgwMDAwMDAwMDAwLCJ1cGRhdGUiOjE4MDAwMDAwMDAwMH19",
          "dependencies": [
            "yandex_vpc_network.develop"
          ]
        }
      ]
    }
  ],
  "check_results": null
}
