{
  "version": 4,
  "terraform_version": "1.5.7",
  "serial": 277,
  "lineage": "9092289d-5160-5f1a-508a-4d40b1374f25",
  "outputs": {},
  "resources": [
    {
      "mode": "managed",
      "type": "local_file",
      "name": "hosts_cfg",
      "provider": "provider[\"registry.terraform.io/hashicorp/local\"]",
      "instances": [
        {
          "schema_version": 0,
          "attributes": {
            "content": "\n[webservers]\n\nclickhouse ansible_host=178.154.201.44\n\nvector ansible_host=178.154.200.221\n\nlighthouse ansible_host=178.154.200.241\n\n[webservers:vars]\nansible_python=/usr/bin/python3\n",
            "content_base64": null,
            "content_base64sha256": "NLMlX/F4WNaxEye6i8NbD75TwvS60pU3jFWG4hI2xCk=",
            "content_base64sha512": "4N0r5BRm4H4X3SLbBYH7SD/R3vaQNAiy6FVzfhkC44rUbCn9Lcv/uXJ7TrB4z2wss+4S0m6OyYyuBJilD2zHuQ==",
            "content_md5": "6fe9ac8bf89e95f2951d1c69575f665a",
            "content_sha1": "06494202b4b0142149a05285991c2a2f035e2a81",
            "content_sha256": "34b3255ff17858d6b11327ba8bc35b0fbe53c2f4bad295378c5586e21236c429",
            "content_sha512": "e0dd2be41466e07e17dd22db0581fb483fd1def6903408b2e855737e1902e38ad46c29fd2dcbffb9727b4eb078cf6c2cb3ee12d26e8ec98cae0498a50f6cc7b9",
            "directory_permission": "0777",
            "file_permission": "0777",
            "filename": "/root/netology/08-ansible-03-yandex/inventory/hosts.cfg",
            "id": "06494202b4b0142149a05285991c2a2f035e2a81",
            "sensitive_content": null,
            "source": null
          },
          "sensitive_attributes": [],
          "dependencies": [
            "yandex_compute_instance.vm",
            "yandex_vpc_network.develop",
            "yandex_vpc_subnet.develop"
          ]
        }
      ]
    },
    {
      "mode": "managed",
      "type": "yandex_compute_instance",
      "name": "vm",
      "provider": "provider[\"registry.terraform.io/yandex-cloud/yandex\"]",
      "instances": [
        {
          "index_key": "0",
          "schema_version": 1,
          "attributes": {
            "allow_recreate": null,
            "allow_stopping_for_update": null,
            "boot_disk": [
              {
                "auto_delete": true,
                "device_name": "fhmlkrahr9p86n7kgqc7",
                "disk_id": "fhmlkrahr9p86n7kgqc7",
                "initialize_params": [
                  {
                    "block_size": 4096,
                    "description": "",
                    "image_id": "fd8gvgtf1t3sbtt4opo6",
                    "name": "",
                    "size": 10,
                    "snapshot_id": "",
                    "type": "network-hdd"
                  }
                ],
                "mode": "READ_WRITE"
              }
            ],
            "created_at": "2024-01-23T15:50:23Z",
            "description": "",
            "filesystem": [],
            "folder_id": "b1gadttfn3t0cohh2hk2",
            "fqdn": "fhmlb1vav367oo7bhit8.auto.internal",
            "gpu_cluster_id": "",
            "hostname": "",
            "id": "fhmlb1vav367oo7bhit8",
            "labels": null,
            "local_disk": [],
            "maintenance_grace_period": "",
            "maintenance_policy": null,
            "metadata": {
              "user-data": "#cloud-config\nusers:\n  - name: leo\n    groups: sudo\n    shell: /bin/bash\n    sudo: ['ALL=(ALL) NOPASSWD:ALL']\n    ssh-authorized-keys:\n      - ssh-rsa AAAAB3NzaC1yc2EAAAADAQABAAABAQCgT8Ny1LD7hTjTan3NOKzgpZ9FEJC7+G7Zfm+bs+9bXZhQ/B6gwjJh0VI6RsVo2wZKsosIc2DZogA+NlWbefQfiC5RKtt/iZMEofBHkhCgxUEHdUEqUkaC7AFfkr4ozrYPKlQOCBbc6S4xJewUmNliXJLrHuv6RZ5TKoIgiKRwaOVT7JqUAnLWyw43+FSpzHUfefLVzaIOVIQV4SEEyl3d/2Cl5gJ/R7sulPomaRwejPi8LG+VZaoF9Wh2JlpCEU7Vm1WKhZ2jd//LlGKoVnqMWlNtSdXVw5B6XZEpCIQfES9DNrlWDyEACFSeSkus30f1Qpe1ZqyIqSnqVgpcANVz root@localhost.localdomain\n\n"
            },
            "metadata_options": [
              {
                "aws_v1_http_endpoint": 1,
                "aws_v1_http_token": 2,
                "gce_http_endpoint": 1,
                "gce_http_token": 1
              }
            ],
            "name": "clickhouse",
            "network_acceleration_type": "standard",
            "network_interface": [
              {
                "dns_record": [],
                "index": 0,
                "ip_address": "10.0.1.5",
                "ipv4": true,
                "ipv6": false,
                "ipv6_address": "",
                "ipv6_dns_record": [],
                "mac_address": "d0:0d:15:58:7e:af",
                "nat": true,
                "nat_dns_record": [],
                "nat_ip_address": "178.154.201.44",
                "nat_ip_version": "IPV4",
                "security_group_ids": [],
                "subnet_id": "e9bd25e6kgpisoefg96r"
              }
            ],
            "placement_policy": [
              {
                "host_affinity_rules": [],
                "placement_group_id": ""
              }
            ],
            "platform_id": "standard-v3",
            "resources": [
              {
                "core_fraction": 20,
                "cores": 2,
                "gpus": 0,
                "memory": 4
              }
            ],
            "scheduling_policy": [
              {
                "preemptible": true
              }
            ],
            "secondary_disk": [],
            "service_account_id": "",
            "status": "running",
            "timeouts": null,
            "zone": "ru-central1-a"
          },
          "sensitive_attributes": [],
          "private": "eyJlMmJmYjczMC1lY2FhLTExZTYtOGY4OC0zNDM2M2JjN2M0YzAiOnsiY3JlYXRlIjozMDAwMDAwMDAwMDAsImRlbGV0ZSI6MzAwMDAwMDAwMDAwLCJ1cGRhdGUiOjMwMDAwMDAwMDAwMH0sInNjaGVtYV92ZXJzaW9uIjoiMSJ9",
          "dependencies": [
            "yandex_vpc_network.develop",
            "yandex_vpc_subnet.develop"
          ]
        },
        {
          "index_key": "1",
          "schema_version": 1,
          "attributes": {
            "allow_recreate": null,
            "allow_stopping_for_update": null,
            "boot_disk": [
              {
                "auto_delete": true,
                "device_name": "fhm75rs71qkc5ueb4lar",
                "disk_id": "fhm75rs71qkc5ueb4lar",
                "initialize_params": [
                  {
                    "block_size": 4096,
                    "description": "",
                    "image_id": "fd8gvgtf1t3sbtt4opo6",
                    "name": "",
                    "size": 10,
                    "snapshot_id": "",
                    "type": "network-hdd"
                  }
                ],
                "mode": "READ_WRITE"
              }
            ],
            "created_at": "2024-01-23T15:50:23Z",
            "description": "",
            "filesystem": [],
            "folder_id": "b1gadttfn3t0cohh2hk2",
            "fqdn": "fhmnr7jg6bkm507gkgbm.auto.internal",
            "gpu_cluster_id": "",
            "hostname": "",
            "id": "fhmnr7jg6bkm507gkgbm",
            "labels": null,
            "local_disk": [],
            "maintenance_grace_period": "",
            "maintenance_policy": null,
            "metadata": {
              "user-data": "#cloud-config\nusers:\n  - name: leo\n    groups: sudo\n    shell: /bin/bash\n    sudo: ['ALL=(ALL) NOPASSWD:ALL']\n    ssh-authorized-keys:\n      - ssh-rsa AAAAB3NzaC1yc2EAAAADAQABAAABAQCgT8Ny1LD7hTjTan3NOKzgpZ9FEJC7+G7Zfm+bs+9bXZhQ/B6gwjJh0VI6RsVo2wZKsosIc2DZogA+NlWbefQfiC5RKtt/iZMEofBHkhCgxUEHdUEqUkaC7AFfkr4ozrYPKlQOCBbc6S4xJewUmNliXJLrHuv6RZ5TKoIgiKRwaOVT7JqUAnLWyw43+FSpzHUfefLVzaIOVIQV4SEEyl3d/2Cl5gJ/R7sulPomaRwejPi8LG+VZaoF9Wh2JlpCEU7Vm1WKhZ2jd//LlGKoVnqMWlNtSdXVw5B6XZEpCIQfES9DNrlWDyEACFSeSkus30f1Qpe1ZqyIqSnqVgpcANVz root@localhost.localdomain\n\n"
            },
            "metadata_options": [
              {
                "aws_v1_http_endpoint": 1,
                "aws_v1_http_token": 2,
                "gce_http_endpoint": 1,
                "gce_http_token": 1
              }
            ],
            "name": "vector",
            "network_acceleration_type": "standard",
            "network_interface": [
              {
                "dns_record": [],
                "index": 0,
                "ip_address": "10.0.1.4",
                "ipv4": true,
                "ipv6": false,
                "ipv6_address": "",
                "ipv6_dns_record": [],
                "mac_address": "d0:0d:17:d9:e7:03",
                "nat": true,
                "nat_dns_record": [],
                "nat_ip_address": "178.154.200.221",
                "nat_ip_version": "IPV4",
                "security_group_ids": [],
                "subnet_id": "e9bd25e6kgpisoefg96r"
              }
            ],
            "placement_policy": [
              {
                "host_affinity_rules": [],
                "placement_group_id": ""
              }
            ],
            "platform_id": "standard-v3",
            "resources": [
              {
                "core_fraction": 20,
                "cores": 2,
                "gpus": 0,
                "memory": 4
              }
            ],
            "scheduling_policy": [
              {
                "preemptible": true
              }
            ],
            "secondary_disk": [],
            "service_account_id": "",
            "status": "running",
            "timeouts": null,
            "zone": "ru-central1-a"
          },
          "sensitive_attributes": [],
          "private": "eyJlMmJmYjczMC1lY2FhLTExZTYtOGY4OC0zNDM2M2JjN2M0YzAiOnsiY3JlYXRlIjozMDAwMDAwMDAwMDAsImRlbGV0ZSI6MzAwMDAwMDAwMDAwLCJ1cGRhdGUiOjMwMDAwMDAwMDAwMH0sInNjaGVtYV92ZXJzaW9uIjoiMSJ9",
          "dependencies": [
            "yandex_vpc_network.develop",
            "yandex_vpc_subnet.develop"
          ]
        },
        {
          "index_key": "2",
          "schema_version": 1,
          "attributes": {
            "allow_recreate": null,
            "allow_stopping_for_update": null,
            "boot_disk": [
              {
                "auto_delete": true,
                "device_name": "fhmmhun1il2khk5a5cqr",
                "disk_id": "fhmmhun1il2khk5a5cqr",
                "initialize_params": [
                  {
                    "block_size": 4096,
                    "description": "",
                    "image_id": "fd8gvgtf1t3sbtt4opo6",
                    "name": "",
                    "size": 10,
                    "snapshot_id": "",
                    "type": "network-hdd"
                  }
                ],
                "mode": "READ_WRITE"
              }
            ],
            "created_at": "2024-01-23T15:50:23Z",
            "description": "",
            "filesystem": [],
            "folder_id": "b1gadttfn3t0cohh2hk2",
            "fqdn": "fhmc4docp9v8387jkipd.auto.internal",
            "gpu_cluster_id": "",
            "hostname": "",
            "id": "fhmc4docp9v8387jkipd",
            "labels": null,
            "local_disk": [],
            "maintenance_grace_period": "",
            "maintenance_policy": null,
            "metadata": {
              "user-data": "#cloud-config\nusers:\n  - name: leo\n    groups: sudo\n    shell: /bin/bash\n    sudo: ['ALL=(ALL) NOPASSWD:ALL']\n    ssh-authorized-keys:\n      - ssh-rsa AAAAB3NzaC1yc2EAAAADAQABAAABAQCgT8Ny1LD7hTjTan3NOKzgpZ9FEJC7+G7Zfm+bs+9bXZhQ/B6gwjJh0VI6RsVo2wZKsosIc2DZogA+NlWbefQfiC5RKtt/iZMEofBHkhCgxUEHdUEqUkaC7AFfkr4ozrYPKlQOCBbc6S4xJewUmNliXJLrHuv6RZ5TKoIgiKRwaOVT7JqUAnLWyw43+FSpzHUfefLVzaIOVIQV4SEEyl3d/2Cl5gJ/R7sulPomaRwejPi8LG+VZaoF9Wh2JlpCEU7Vm1WKhZ2jd//LlGKoVnqMWlNtSdXVw5B6XZEpCIQfES9DNrlWDyEACFSeSkus30f1Qpe1ZqyIqSnqVgpcANVz root@localhost.localdomain\n\n"
            },
            "metadata_options": [
              {
                "aws_v1_http_endpoint": 1,
                "aws_v1_http_token": 2,
                "gce_http_endpoint": 1,
                "gce_http_token": 1
              }
            ],
            "name": "lighthouse",
            "network_acceleration_type": "standard",
            "network_interface": [
              {
                "dns_record": [],
                "index": 0,
                "ip_address": "10.0.1.24",
                "ipv4": true,
                "ipv6": false,
                "ipv6_address": "",
                "ipv6_dns_record": [],
                "mac_address": "d0:0d:c2:37:0c:ca",
                "nat": true,
                "nat_dns_record": [],
                "nat_ip_address": "178.154.200.241",
                "nat_ip_version": "IPV4",
                "security_group_ids": [],
                "subnet_id": "e9bd25e6kgpisoefg96r"
              }
            ],
            "placement_policy": [
              {
                "host_affinity_rules": [],
                "placement_group_id": ""
              }
            ],
            "platform_id": "standard-v3",
            "resources": [
              {
                "core_fraction": 20,
                "cores": 2,
                "gpus": 0,
                "memory": 4
              }
            ],
            "scheduling_policy": [
              {
                "preemptible": true
              }
            ],
            "secondary_disk": [],
            "service_account_id": "",
            "status": "running",
            "timeouts": null,
            "zone": "ru-central1-a"
          },
          "sensitive_attributes": [],
          "private": "eyJlMmJmYjczMC1lY2FhLTExZTYtOGY4OC0zNDM2M2JjN2M0YzAiOnsiY3JlYXRlIjozMDAwMDAwMDAwMDAsImRlbGV0ZSI6MzAwMDAwMDAwMDAwLCJ1cGRhdGUiOjMwMDAwMDAwMDAwMH0sInNjaGVtYV92ZXJzaW9uIjoiMSJ9",
          "dependencies": [
            "yandex_vpc_network.develop",
            "yandex_vpc_subnet.develop"
          ]
        }
      ]
    },
    {
      "mode": "managed",
      "type": "yandex_vpc_network",
      "name": "develop",
      "provider": "provider[\"registry.terraform.io/yandex-cloud/yandex\"]",
      "instances": [
        {
          "schema_version": 0,
          "attributes": {
            "created_at": "2024-01-23T15:50:19Z",
            "default_security_group_id": "enpck96bjkbl4g5fdi4u",
            "description": "",
            "folder_id": "b1gadttfn3t0cohh2hk2",
            "id": "enpnipugadr84ue47kt0",
            "labels": {},
            "name": "develop",
            "subnet_ids": [],
            "timeouts": null
          },
          "sensitive_attributes": [],
          "private": "eyJlMmJmYjczMC1lY2FhLTExZTYtOGY4OC0zNDM2M2JjN2M0YzAiOnsiY3JlYXRlIjo2MDAwMDAwMDAwMCwiZGVsZXRlIjo2MDAwMDAwMDAwMCwidXBkYXRlIjo2MDAwMDAwMDAwMH19"
        }
      ]
    },
    {
      "mode": "managed",
      "type": "yandex_vpc_subnet",
      "name": "develop",
      "provider": "provider[\"registry.terraform.io/yandex-cloud/yandex\"]",
      "instances": [
        {
          "schema_version": 0,
          "attributes": {
            "created_at": "2024-01-23T15:50:21Z",
            "description": "",
            "dhcp_options": [],
            "folder_id": "b1gadttfn3t0cohh2hk2",
            "id": "e9bd25e6kgpisoefg96r",
            "labels": {},
            "name": "develop",
            "network_id": "enpnipugadr84ue47kt0",
            "route_table_id": "",
            "timeouts": null,
            "v4_cidr_blocks": [
              "10.0.1.0/24"
            ],
            "v6_cidr_blocks": [],
            "zone": "ru-central1-a"
          },
          "sensitive_attributes": [],
          "private": "eyJlMmJmYjczMC1lY2FhLTExZTYtOGY4OC0zNDM2M2JjN2M0YzAiOnsiY3JlYXRlIjoxODAwMDAwMDAwMDAsImRlbGV0ZSI6MTgwMDAwMDAwMDAwLCJ1cGRhdGUiOjE4MDAwMDAwMDAwMH19",
          "dependencies": [
            "yandex_vpc_network.develop"
          ]
        }
      ]
    }
  ],
  "check_results": null
}
